// !$*UTF8*$!
{
	archiveVersion = 1;
	classes = {
	};
	objectVersion = 46;
	objects = {

/* Begin PBXBuildFile section */
		BEE70AA81F4C63F600D095D3 /* AppDelegate.swift in Sources */ = {isa = PBXBuildFile; fileRef = BEE70AA71F4C63F600D095D3 /* AppDelegate.swift */; };
		BEE70AAA1F4C63F600D095D3 /* ViewController.swift in Sources */ = {isa = PBXBuildFile; fileRef = BEE70AA91F4C63F600D095D3 /* ViewController.swift */; };
		BEE70AAD1F4C63F600D095D3 /* Main.storyboard in Resources */ = {isa = PBXBuildFile; fileRef = BEE70AAB1F4C63F600D095D3 /* Main.storyboard */; };
		BEE70AAF1F4C63F600D095D3 /* Assets.xcassets in Resources */ = {isa = PBXBuildFile; fileRef = BEE70AAE1F4C63F600D095D3 /* Assets.xcassets */; };
		BEE70AB21F4C63F600D095D3 /* LaunchScreen.storyboard in Resources */ = {isa = PBXBuildFile; fileRef = BEE70AB01F4C63F600D095D3 /* LaunchScreen.storyboard */; };
		BEE70ABA1F4C8A8400D095D3 /* SettingsViewController.swift in Sources */ = {isa = PBXBuildFile; fileRef = BEE70AB91F4C8A8400D095D3 /* SettingsViewController.swift */; };
/* End PBXBuildFile section */

/* Begin PBXFileReference section */
		BEE70AA41F4C63F600D095D3 /* tippy.app */ = {isa = PBXFileReference; explicitFileType = wrapper.application; includeInIndex = 0; path = tippy.app; sourceTree = BUILT_PRODUCTS_DIR; };
		BEE70AA71F4C63F600D095D3 /* AppDelegate.swift */ = {isa = PBXFileReference; lastKnownFileType = sourcecode.swift; path = AppDelegate.swift; sourceTree = "<group>"; };
		BEE70AA91F4C63F600D095D3 /* ViewController.swift */ = {isa = PBXFileReference; lastKnownFileType = sourcecode.swift; path = ViewController.swift; sourceTree = "<group>"; };
		BEE70AAC1F4C63F600D095D3 /* Base */ = {isa = PBXFileReference; lastKnownFileType = file.storyboard; name = Base; path = Base.lproj/Main.storyboard; sourceTree = "<group>"; };
		BEE70AAE1F4C63F600D095D3 /* Assets.xcassets */ = {isa = PBXFileReference; lastKnownFileType = folder.assetcatalog; path = Assets.xcassets; sourceTree = "<group>"; };
		BEE70AB11F4C63F600D095D3 /* Base */ = {isa = PBXFileReference; lastKnownFileType = file.storyboard; name = Base; path = Base.lproj/LaunchScreen.storyboard; sourceTree = "<group>"; };
		BEE70AB31F4C63F600D095D3 /* Info.plist */ = {isa = PBXFileReference; lastKnownFileType = text.plist.xml; path = Info.plist; sourceTree = "<group>"; };
		BEE70AB91F4C8A8400D095D3 /* SettingsViewController.swift */ = {isa = PBXFileReference; fileEncoding = 4; lastKnownFileType = sourcecode.swift; path = SettingsViewController.swift; sourceTree = "<group>"; };
/* End PBXFileReference section */

/* Begin PBXFrameworksBuildPhase section */
		BEE70AA11F4C63F500D095D3 /* Frameworks */ = {
			isa = PBXFrameworksBuildPhase;
			buildActionMask = 2147483647;
			files = (
			);
			runOnlyForDeploymentPostprocessing = 0;
		};
/* End PBXFrameworksBuildPhase section */

/* Begin PBXGroup section */
		BEE70A9B1F4C63F500D095D3 = {
			isa = PBXGroup;
			children = (
				BEE70AA61F4C63F600D095D3 /* tippy */,
				BEE70AA51F4C63F600D095D3 /* Products */,
			);
			sourceTree = "<group>";
		};
		BEE70AA51F4C63F600D095D3 /* Products */ = {
			isa = PBXGroup;
			children = (
				BEE70AA41F4C63F600D095D3 /* tippy.app */,
			);
			name = Products;
			sourceTree = "<group>";
		};
		BEE70AA61F4C63F600D095D3 /* tippy */ = {
			isa = PBXGroup;
			children = (
				BEE70AA71F4C63F600D095D3 /* AppDelegate.swift */,
				BEE70AA91F4C63F600D095D3 /* ViewController.swift */,
				BEE70AAB1F4C63F600D095D3 /* Main.storyboard */,
				BEE70AAE1F4C63F600D095D3 /* Assets.xcassets */,
				BEE70AB01F4C63F600D095D3 /* LaunchScreen.storyboard */,
				BEE70AB31F4C63F600D095D3 /* Info.plist */,
				BEE70AB91F4C8A8400D095D3 /* SettingsViewController.swift */,
			);
			path = tippy;
			sourceTree = "<group>";
		};
/* End PBXGroup section */

/* Begin PBXNativeTarget section */
		BEE70AA31F4C63F500D095D3 /* tippy */ = {
			isa = PBXNativeTarget;
			buildConfigurationList = BEE70AB61F4C63F600D095D3 /* Build configuration list for PBXNativeTarget "tippy" */;
			buildPhases = (
				BEE70AA01F4C63F500D095D3 /* Sources */,
				BEE70AA11F4C63F500D095D3 /* Frameworks */,
				BEE70AA21F4C63F500D095D3 /* Resources */,
			);
			buildRules = (
			);
			dependencies = (
			);
			name = tippy;
			productName = tippy;
			productReference = BEE70AA41F4C63F600D095D3 /* tippy.app */;
			productType = "com.apple.product-type.application";
		};
/* End PBXNativeTarget section */

/* Begin PBXProject section */
		BEE70A9C1F4C63F500D095D3 /* Project object */ = {
			isa = PBXProject;
			attributes = {
				LastSwiftUpdateCheck = 0830;
				LastUpgradeCheck = 0830;
				ORGANIZATIONNAME = "Iqbal Mohomed";
				TargetAttributes = {
					BEE70AA31F4C63F500D095D3 = {
						CreatedOnToolsVersion = 8.3.1;
						DevelopmentTeam = 4E9ZW5GWPQ;
						ProvisioningStyle = Automatic;
					};
				};
			};
			buildConfigurationList = BEE70A9F1F4C63F500D095D3 /* Build configuration list for PBXProject "tippy" */;
			compatibilityVersion = "Xcode 3.2";
			developmentRegion = English;
			hasScannedForEncodings = 0;
			knownRegions = (
				en,
				Base,
			);
			mainGroup = BEE70A9B1F4C63F500D095D3;
			productRefGroup = BEE70AA51F4C63F600D095D3 /* Products */;
			projectDirPath = "";
			projectRoot = "";
			targets = (
				BEE70AA31F4C63F500D095D3 /* tippy */,
			);
		};
/* End PBXProject section */

/* Begin PBXResourcesBuildPhase section */
		BEE70AA21F4C63F500D095D3 /* Resources */ = {
			isa = PBXResourcesBuildPhase;
			buildActionMask = 2147483647;
			files = (
				BEE70AB21F4C63F600D095D3 /* LaunchScreen.storyboard in Resources */,
				BEE70AAF1F4C63F600D095D3 /* Assets.xcassets in Resources */,
				BEE70AAD1F4C63F600D095D3 /* Main.storyboard in Resources */,
			);
			runOnlyForDeploymentPostprocessing = 0;
		};
/* End PBXResourcesBuildPhase section */

/* Begin PBXSourcesBuildPhase section */
		BEE70AA01F4C63F500D095D3 /* Sources */ = {
			isa = PBXSourcesBuildPhase;
			buildActionMask = 2147483647;
			files = (
				BEE70AAA1F4C63F600D095D3 /* ViewController.swift in Sources */,
				BEE70AA81F4C63F600D095D3 /* AppDelegate.swift in Sources */,
				BEE70ABA1F4C8A8400D095D3 /* SettingsViewController.swift in Sources */,
			);
			runOnlyForDeploymentPostprocessing = 0;
		};
/* End PBXSourcesBuildPhase section */

/* Begin PBXVariantGroup section */
		BEE70AAB1F4C63F600D095D3 /* Main.storyboard */ = {
			isa = PBXVariantGroup;
			children = (
				BEE70AAC1F4C63F600D095D3 /* Base */,
			);
			name = Main.storyboard;
			sourceTree = "<group>";
		};
		BEE70AB01F4C63F600D095D3 /* LaunchScreen.storyboard */ = {
			isa = PBXVariantGroup;
			children = (
				BEE70AB11F4C63F600D095D3 /* Base */,
			);
			name = LaunchScreen.storyboard;
			sourceTree = "<group>";
		};
/* End PBXVariantGroup section */

/* Begin XCBuildConfiguration section */
		BEE70AB41F4C63F600D095D3 /* Debug */ = {
			isa = XCBuildConfiguration;
			buildSettings = {
				ALWAYS_SEARCH_USER_PATHS = NO;
				CLANG_ANALYZER_NONNULL = YES;
				CLANG_ANALYZER_NUMBER_OBJECT_CONVERSION = YES_AGGRESSIVE;
				CLANG_CXX_LANGUAGE_STANDARD = "gnu++0x";
				CLANG_CXX_LIBRARY = "libc++";
				CLANG_ENABLE_MODULES = YES;
				CLANG_ENABLE_OBJC_ARC = YES;
				CLANG_WARN_BOOL_CONVERSION = YES;
				CLANG_WARN_CONSTANT_CONVERSION = YES;
				CLANG_WARN_DIRECT_OBJC_ISA_USAGE = YES_ERROR;
				CLANG_WARN_DOCUMENTATION_COMMENTS = YES;
				CLANG_WARN_EMPTY_BODY = YES;
				CLANG_WARN_ENUM_CONVERSION = YES;
				CLANG_WARN_INFINITE_RECURSION = YES;
				CLANG_WARN_INT_CONVERSION = YES;
				CLANG_WARN_OBJC_ROOT_CLASS = YES_ERROR;
				CLANG_WARN_SUSPICIOUS_MOVE = YES;
				CLANG_WARN_UNREACHABLE_CODE = YES;
				CLANG_WARN__DUPLICATE_METHOD_MATCH = YES;
				"CODE_SIGN_IDENTITY[sdk=iphoneos*]" = "iPhone Developer";
				COPY_PHASE_STRIP = NO;
				DEBUG_INFORMATION_FORMAT = dwarf;
				ENABLE_STRICT_OBJC_MSGSEND = YES;
				ENABLE_TESTABILITY = YES;
				GCC_C_LANGUAGE_STANDARD = gnu99;
				GCC_DYNAMIC_NO_PIC = NO;
				GCC_NO_COMMON_BLOCKS = YES;
				GCC_OPTIMIZATION_LEVEL = 0;
				GCC_PREPROCESSOR_DEFINITIONS = (
					"DEBUG=1",
					"$(inherited)",
				);
				GCC_WARN_64_TO_32_BIT_CONVERSION = YES;
				GCC_WARN_ABOUT_RETURN_TYPE = YES_ERROR;
				GCC_WARN_UNDECLARED_SELECTOR = YES;
				GCC_WARN_UNINITIALIZED_AUTOS = YES_AGGRESSIVE;
				GCC_WARN_UNUSED_FUNCTION = YES;
				GCC_WARN_UNUSED_VARIABLE = YES;
				IPHONEOS_DEPLOYMENT_TARGET = 10.3;
				MTL_ENABLE_DEBUG_INFO = YES;
				ONLY_ACTIVE_ARCH = YES;
				SDKROOT = iphoneos;
				SWIFT_ACTIVE_COMPILATION_CONDITIONS = DEBUG;
				SWIFT_OPTIMIZATION_LEVEL = "-Onone";
			};
			name = Debug;
		};
		BEE70AB51F4C63F600D095D3 /* Release */ = {
			isa = XCBuildConfiguration;
			buildSettings = {
				ALWAYS_SEARCH_USER_PATHS = NO;
				CLANG_ANALYZER_NONNULL = YES;
				CLANG_ANALYZER_NUMBER_OBJECT_CONVERSION = YES_AGGRESSIVE;
				CLANG_CXX_LANGUAGE_STANDARD = "gnu++0x";
				CLANG_CXX_LIBRARY = "libc++";
				CLANG_ENABLE_MODULES = YES;
				CLANG_ENABLE_OBJC_ARC = YES;
				CLANG_WARN_BOOL_CONVERSION = YES;
				CLANG_WARN_CONSTANT_CONVERSION = YES;
				CLANG_WARN_DIRECT_OBJC_ISA_USAGE = YES_ERROR;
				CLANG_WARN_DOCUMENTATION_COMMENTS = YES;
				CLANG_WARN_EMPTY_BODY = YES;
				CLANG_WARN_ENUM_CONVERSION = YES;
				CLANG_WARN_INFINITE_RECURSION = YES;
				CLANG_WARN_INT_CONVERSION = YES;
				CLANG_WARN_OBJC_ROOT_CLASS = YES_ERROR;
				CLANG_WARN_SUSPICIOUS_MOVE = YES;
				CLANG_WARN_UNREACHABLE_CODE = YES;
				CLANG_WARN__DUPLICATE_METHOD_MATCH = YES;
				"CODE_SIGN_IDENTITY[sdk=iphoneos*]" = "iPhone Developer";
				COPY_PHASE_STRIP = NO;
				DEBUG_INFORMATION_FORMAT = "dwarf-with-dsym";
				ENABLE_NS_ASSERTIONS = NO;
				ENABLE_STRICT_OBJC_MSGSEND = YES;
				GCC_C_LANGUAGE_STANDARD = gnu99;
				GCC_NO_COMMON_BLOCKS = YES;
				GCC_WARN_64_TO_32_BIT_CONVERSION = YES;
				GCC_WARN_ABOUT_RETURN_TYPE = YES_ERROR;
				GCC_WARN_UNDECLARED_SELECTOR = YES;
				GCC_WARN_UNINITIALIZED_AUTOS = YES_AGGRESSIVE;
				GCC_WARN_UNUSED_FUNCTION = YES;
				GCC_WARN_UNUSED_VARIABLE = YES;
				IPHONEOS_DEPLOYMENT_TARGET = 10.3;
				MTL_ENABLE_DEBUG_INFO = NO;
				SDKROOT = iphoneos;
				SWIFT_OPTIMIZATION_LEVEL = "-Owholemodule";
				VALIDATE_PRODUCT = YES;
			};
			name = Release;
		};
		BEE70AB71F4C63F600D095D3 /* Debug */ = {
			isa = XCBuildConfiguration;
			buildSettings = {
				ASSETCATALOG_COMPILER_APPICON_NAME = AppIcon;
				DEVELOPMENT_TEAM = 4E9ZW5GWPQ;
				INFOPLIST_FILE = tippy/Info.plist;
				LD_RUNPATH_SEARCH_PATHS = "$(inherited) @executable_path/Frameworks";
				PRODUCT_BUNDLE_IDENTIFIER = com.mohomed.tippy;
				PRODUCT_NAME = "$(TARGET_NAME)";
				SWIFT_VERSION = 3.0;
			};
			name = Debug;
		};
		BEE70AB81F4C63F600D095D3 /* Release */ = {
			isa = XCBuildConfiguration;
			buildSettings = {
				ASSETCATALOG_COMPILER_APPICON_NAME = AppIcon;
				DEVELOPMENT_TEAM = 4E9ZW5GWPQ;
				INFOPLIST_FILE = tippy/Info.plist;
				LD_RUNPATH_SEARCH_PATHS = "$(inherited) @executable_path/Frameworks";
				PRODUCT_BUNDLE_IDENTIFIER = com.mohomed.tippy;
				PRODUCT_NAME = "$(TARGET_NAME)";
				SWIFT_VERSION = 3.0;
			};
			name = Release;
		};
/* End XCBuildConfiguration section */

/* Begin XCConfigurationList section */
		BEE70A9F1F4C63F500D095D3 /* Build configuration list for PBXProject "tippy" */ = {
			isa = XCConfigurationList;
			buildConfigurations = (
				BEE70AB41F4C63F600D095D3 /* Debug */,
				BEE70AB51F4C63F600D095D3 /* Release */,
			);
			defaultConfigurationIsVisible = 0;
			defaultConfigurationName = Release;
		};
		BEE70AB61F4C63F600D095D3 /* Build configuration list for PBXNativeTarget "tippy" */ = {
			isa = XCConfigurationList;
			buildConfigurations = (
				BEE70AB71F4C63F600D095D3 /* Debug */,
				BEE70AB81F4C63F600D095D3 /* Release */,
			);
			defaultConfigurationIsVisible = 0;
		};
/* End XCConfigurationList section */
	};
	rootObject = BEE70A9C1F4C63F500D095D3 /* Project object */;
}
